
Microsoft Visual Studio Solution File, Format Version 11.00
# Visual Studio 2010
Project("{FAE04EC0-301F-11D3-BF4B-00C04F79EFBC}") = "Lottery.FFApp", "Lottery.FFApp.csproj", "{1584823C-6AE2-4052-BE41-C289204A35BC}"
EndProject
Global
	GlobalSection(SolutionConfigurationPlatforms) = preSolution
		Debug|Any CPU = Debug|Any CPU
		Release|Any CPU = Release|Any CPU
	EndGlobalSection
	GlobalSection(ProjectConfigurationPlatforms) = postSolution
		{1584823C-6AE2-4052-BE41-C289204A35BC}.Debug|Any CPU.ActiveCfg = Debug|Any CPU
		{1584823C-6AE2-4052-BE41-C289204A35BC}.Debug|Any CPU.Build.0 = Debug|Any CPU
		{1584823C-6AE2-4052-BE41-C289204A35BC}.Release|Any CPU.ActiveCfg = Release|Any CPU
		{1584823C-6AE2-4052-BE41-C289204A35BC}.Release|Any CPU.Build.0 = Release|Any CPU
	EndGlobalSection
	GlobalSection(SolutionProperties) = preSolution
		HideSolutionNode = FALSE
	EndGlobalSection
EndGlobal
