
Microsoft Visual Studio Solution File, Format Version 11.00
# Visual Studio 2010
Project("{FAE04EC0-301F-11D3-BF4B-00C04F79EFBC}") = "Lottery.Collect", "Lottery.Collect.csproj", "{FAD04ABE-6DCF-40FF-98E6-170FBE3F1FE8}"
EndProject
Global
	GlobalSection(SolutionConfigurationPlatforms) = preSolution
		Debug|Any CPU = Debug|Any CPU
		Release|Any CPU = Release|Any CPU
	EndGlobalSection
	GlobalSection(ProjectConfigurationPlatforms) = postSolution
		{FAD04ABE-6DCF-40FF-98E6-170FBE3F1FE8}.Debug|Any CPU.ActiveCfg = Debug|Any CPU
		{FAD04ABE-6DCF-40FF-98E6-170FBE3F1FE8}.Debug|Any CPU.Build.0 = Debug|Any CPU
		{FAD04ABE-6DCF-40FF-98E6-170FBE3F1FE8}.Release|Any CPU.ActiveCfg = Release|Any CPU
		{FAD04ABE-6DCF-40FF-98E6-170FBE3F1FE8}.Release|Any CPU.Build.0 = Release|Any CPU
	EndGlobalSection
	GlobalSection(SolutionProperties) = preSolution
		HideSolutionNode = FALSE
	EndGlobalSection
EndGlobal
